
Microsoft Visual Studio Solution File, Format Version 12.00
# Visual Studio Version 17
VisualStudioVersion = 17.8.34330.188
MinimumVisualStudioVersion = 10.0.40219.1
Project("{FAE04EC0-301F-11D3-BF4B-00C04F79EFBC}") = "YasApp", "YasApp\YasApp.csproj", "{CE761184-D984-4110-890D-EAB25F6BE4E7}"
EndProject
Global
	GlobalSection(SolutionConfigurationPlatforms) = preSolution
		Debug|Any CPU = Debug|Any CPU
		Release|Any CPU = Release|Any CPU
	EndGlobalSection
	GlobalSection(ProjectConfigurationPlatforms) = postSolution
		{CE761184-D984-4110-890D-EAB25F6BE4E7}.Debug|Any CPU.ActiveCfg = Debug|Any CPU
		{CE761184-D984-4110-890D-EAB25F6BE4E7}.Debug|Any CPU.Build.0 = Debug|Any CPU
		{CE761184-D984-4110-890D-EAB25F6BE4E7}.Debug|Any CPU.Deploy.0 = Debug|Any CPU
		{CE761184-D984-4110-890D-EAB25F6BE4E7}.Release|Any CPU.ActiveCfg = Release|Any CPU
		{CE761184-D984-4110-890D-EAB25F6BE4E7}.Release|Any CPU.Build.0 = Release|Any CPU
		{CE761184-D984-4110-890D-EAB25F6BE4E7}.Release|Any CPU.Deploy.0 = Release|Any CPU
	EndGlobalSection
	GlobalSection(SolutionProperties) = preSolution
		HideSolutionNode = FALSE
	EndGlobalSection
	GlobalSection(ExtensibilityGlobals) = postSolution
		SolutionGuid = {6E84B0E4-37D9-4EFE-9C2C-C218A799BE9A}
	EndGlobalSection
EndGlobal
